// !$*UTF8*$!
{
	archiveVersion = 1;
	classes = {
	};
	objectVersion = 46;
	objects = {

/* Begin PBXBuildFile section */
		F66DA9C61BBE49800033C027 /* main.m in Sources */ = {isa = PBXBuildFile; fileRef = F66DA9C51BBE49800033C027 /* main.m */; };
		F66DA9C91BBE49800033C027 /* AppDelegate.m in Sources */ = {isa = PBXBuildFile; fileRef = F66DA9C81BBE49800033C027 /* AppDelegate.m */; };
		F66DA9CC1BBE49800033C027 /* TipViewController.m in Sources */ = {isa = PBXBuildFile; fileRef = F66DA9CB1BBE49800033C027 /* TipViewController.m */; };
		F66DA9CF1BBE49800033C027 /* Main.storyboard in Resources */ = {isa = PBXBuildFile; fileRef = F66DA9CD1BBE49800033C027 /* Main.storyboard */; };
		F66DA9D11BBE49800033C027 /* Assets.xcassets in Resources */ = {isa = PBXBuildFile; fileRef = F66DA9D01BBE49800033C027 /* Assets.xcassets */; };
		F66DA9D41BBE49800033C027 /* LaunchScreen.storyboard in Resources */ = {isa = PBXBuildFile; fileRef = F66DA9D21BBE49800033C027 /* LaunchScreen.storyboard */; };
		F66DA9DD1BBEDD560033C027 /* SettingsViewController.m in Sources */ = {isa = PBXBuildFile; fileRef = F66DA9DC1BBEDD560033C027 /* SettingsViewController.m */; settings = {ASSET_TAGS = (); }; };
/* End PBXBuildFile section */

/* Begin PBXFileReference section */
		F66DA9C11BBE49800033C027 /* Tipsy.app */ = {isa = PBXFileReference; explicitFileType = wrapper.application; includeInIndex = 0; path = Tipsy.app; sourceTree = BUILT_PRODUCTS_DIR; };
		F66DA9C51BBE49800033C027 /* main.m */ = {isa = PBXFileReference; lastKnownFileType = sourcecode.c.objc; path = main.m; sourceTree = "<group>"; };
		F66DA9C71BBE49800033C027 /* AppDelegate.h */ = {isa = PBXFileReference; lastKnownFileType = sourcecode.c.h; path = AppDelegate.h; sourceTree = "<group>"; };
		F66DA9C81BBE49800033C027 /* AppDelegate.m */ = {isa = PBXFileReference; lastKnownFileType = sourcecode.c.objc; path = AppDelegate.m; sourceTree = "<group>"; };
		F66DA9CA1BBE49800033C027 /* TipViewController.h */ = {isa = PBXFileReference; lastKnownFileType = sourcecode.c.h; path = TipViewController.h; sourceTree = "<group>"; };
		F66DA9CB1BBE49800033C027 /* TipViewController.m */ = {isa = PBXFileReference; lastKnownFileType = sourcecode.c.objc; path = TipViewController.m; sourceTree = "<group>"; };
		F66DA9CE1BBE49800033C027 /* Base */ = {isa = PBXFileReference; lastKnownFileType = file.storyboard; name = Base; path = Base.lproj/Main.storyboard; sourceTree = "<group>"; };
		F66DA9D01BBE49800033C027 /* Assets.xcassets */ = {isa = PBXFileReference; lastKnownFileType = folder.assetcatalog; path = Assets.xcassets; sourceTree = "<group>"; };
		F66DA9D31BBE49800033C027 /* Base */ = {isa = PBXFileReference; lastKnownFileType = file.storyboard; name = Base; path = Base.lproj/LaunchScreen.storyboard; sourceTree = "<group>"; };
		F66DA9D51BBE49800033C027 /* Info.plist */ = {isa = PBXFileReference; lastKnownFileType = text.plist.xml; path = Info.plist; sourceTree = "<group>"; };
		F66DA9DB1BBEDD560033C027 /* SettingsViewController.h */ = {isa = PBXFileReference; fileEncoding = 4; lastKnownFileType = sourcecode.c.h; path = SettingsViewController.h; sourceTree = "<group>"; };
		F66DA9DC1BBEDD560033C027 /* SettingsViewController.m */ = {isa = PBXFileReference; fileEncoding = 4; lastKnownFileType = sourcecode.c.objc; path = SettingsViewController.m; sourceTree = "<group>"; };
/* End PBXFileReference section */

/* Begin PBXFrameworksBuildPhase section */
		F66DA9BE1BBE49800033C027 /* Frameworks */ = {
			isa = PBXFrameworksBuildPhase;
			buildActionMask = 2147483647;
			files = (
			);
			runOnlyForDeploymentPostprocessing = 0;
		};
/* End PBXFrameworksBuildPhase section */

/* Begin PBXGroup section */
		F66DA9B81BBE49800033C027 = {
			isa = PBXGroup;
			children = (
				F66DA9C31BBE49800033C027 /* Tipsy */,
				F66DA9C21BBE49800033C027 /* Products */,
			);
			sourceTree = "<group>";
		};
		F66DA9C21BBE49800033C027 /* Products */ = {
			isa = PBXGroup;
			children = (
				F66DA9C11BBE49800033C027 /* Tipsy.app */,
			);
			name = Products;
			sourceTree = "<group>";
		};
		F66DA9C31BBE49800033C027 /* Tipsy */ = {
			isa = PBXGroup;
			children = (
				F66DA9C71BBE49800033C027 /* AppDelegate.h */,
				F66DA9C81BBE49800033C027 /* AppDelegate.m */,
				F66DA9CA1BBE49800033C027 /* TipViewController.h */,
				F66DA9CB1BBE49800033C027 /* TipViewController.m */,
				F66DA9CD1BBE49800033C027 /* Main.storyboard */,
				F66DA9D01BBE49800033C027 /* Assets.xcassets */,
				F66DA9D21BBE49800033C027 /* LaunchScreen.storyboard */,
				F66DA9D51BBE49800033C027 /* Info.plist */,
				F66DA9C41BBE49800033C027 /* Supporting Files */,
				F66DA9DB1BBEDD560033C027 /* SettingsViewController.h */,
				F66DA9DC1BBEDD560033C027 /* SettingsViewController.m */,
			);
			path = Tipsy;
			sourceTree = "<group>";
		};
		F66DA9C41BBE49800033C027 /* Supporting Files */ = {
			isa = PBXGroup;
			children = (
				F66DA9C51BBE49800033C027 /* main.m */,
			);
			name = "Supporting Files";
			sourceTree = "<group>";
		};
/* End PBXGroup section */

/* Begin PBXNativeTarget section */
		F66DA9C01BBE49800033C027 /* Tipsy */ = {
			isa = PBXNativeTarget;
			buildConfigurationList = F66DA9D81BBE49800033C027 /* Build configuration list for PBXNativeTarget "Tipsy" */;
			buildPhases = (
				F66DA9BD1BBE49800033C027 /* Sources */,
				F66DA9BE1BBE49800033C027 /* Frameworks */,
				F66DA9BF1BBE49800033C027 /* Resources */,
			);
			buildRules = (
			);
			dependencies = (
			);
			name = Tipsy;
			productName = Tipsy;
			productReference = F66DA9C11BBE49800033C027 /* Tipsy.app */;
			productType = "com.apple.product-type.application";
		};
/* End PBXNativeTarget section */

/* Begin PBXProject section */
		F66DA9B91BBE49800033C027 /* Project object */ = {
			isa = PBXProject;
			attributes = {
				LastUpgradeCheck = 0700;
				ORGANIZATIONNAME = "Ankush Raina";
				TargetAttributes = {
					F66DA9C01BBE49800033C027 = {
						CreatedOnToolsVersion = 7.0.1;
						DevelopmentTeam = 5FP8CS8BXV;
					};
				};
			};
			buildConfigurationList = F66DA9BC1BBE49800033C027 /* Build configuration list for PBXProject "Tipsy" */;
			compatibilityVersion = "Xcode 3.2";
			developmentRegion = English;
			hasScannedForEncodings = 0;
			knownRegions = (
				en,
				Base,
			);
			mainGroup = F66DA9B81BBE49800033C027;
			productRefGroup = F66DA9C21BBE49800033C027 /* Products */;
			projectDirPath = "";
			projectRoot = "";
			targets = (
				F66DA9C01BBE49800033C027 /* Tipsy */,
			);
		};
/* End PBXProject section */

/* Begin PBXResourcesBuildPhase section */
		F66DA9BF1BBE49800033C027 /* Resources */ = {
			isa = PBXResourcesBuildPhase;
			buildActionMask = 2147483647;
			files = (
				F66DA9D41BBE49800033C027 /* LaunchScreen.storyboard in Resources */,
				F66DA9D11BBE49800033C027 /* Assets.xcassets in Resources */,
				F66DA9CF1BBE49800033C027 /* Main.storyboard in Resources */,
			);
			runOnlyForDeploymentPostprocessing = 0;
		};
/* End PBXResourcesBuildPhase section */

/* Begin PBXSourcesBuildPhase section */
		F66DA9BD1BBE49800033C027 /* Sources */ = {
			isa = PBXSourcesBuildPhase;
			buildActionMask = 2147483647;
			files = (
				F66DA9CC1BBE49800033C027 /* TipViewController.m in Sources */,
				F66DA9C91BBE49800033C027 /* AppDelegate.m in Sources */,
				F66DA9C61BBE49800033C027 /* main.m in Sources */,
				F66DA9DD1BBEDD560033C027 /* SettingsViewController.m in Sources */,
			);
			runOnlyForDeploymentPostprocessing = 0;
		};
/* End PBXSourcesBuildPhase section */

/* Begin PBXVariantGroup section */
		F66DA9CD1BBE49800033C027 /* Main.storyboard */ = {
			isa = PBXVariantGroup;
			children = (
				F66DA9CE1BBE49800033C027 /* Base */,
			);
			name = Main.storyboard;
			sourceTree = "<group>";
		};
		F66DA9D21BBE49800033C027 /* LaunchScreen.storyboard */ = {
			isa = PBXVariantGroup;
			children = (
				F66DA9D31BBE49800033C027 /* Base */,
			);
			name = LaunchScreen.storyboard;
			sourceTree = "<group>";
		};
/* End PBXVariantGroup section */

/* Begin XCBuildConfiguration section */
		F66DA9D61BBE49800033C027 /* Debug */ = {
			isa = XCBuildConfiguration;
			buildSettings = {
				ALWAYS_SEARCH_USER_PATHS = NO;
				CLANG_CXX_LANGUAGE_STANDARD = "gnu++0x";
				CLANG_CXX_LIBRARY = "libc++";
				CLANG_ENABLE_MODULES = YES;
				CLANG_ENABLE_OBJC_ARC = YES;
				CLANG_WARN_BOOL_CONVERSION = YES;
				CLANG_WARN_CONSTANT_CONVERSION = YES;
				CLANG_WARN_DIRECT_OBJC_ISA_USAGE = YES_ERROR;
				CLANG_WARN_EMPTY_BODY = YES;
				CLANG_WARN_ENUM_CONVERSION = YES;
				CLANG_WARN_INT_CONVERSION = YES;
				CLANG_WARN_OBJC_ROOT_CLASS = YES_ERROR;
				CLANG_WARN_UNREACHABLE_CODE = YES;
				CLANG_WARN__DUPLICATE_METHOD_MATCH = YES;
				"CODE_SIGN_IDENTITY[sdk=iphoneos*]" = "iPhone Developer";
				COPY_PHASE_STRIP = NO;
				DEBUG_INFORMATION_FORMAT = dwarf;
				ENABLE_STRICT_OBJC_MSGSEND = YES;
				ENABLE_TESTABILITY = YES;
				GCC_C_LANGUAGE_STANDARD = gnu99;
				GCC_DYNAMIC_NO_PIC = NO;
				GCC_NO_COMMON_BLOCKS = YES;
				GCC_OPTIMIZATION_LEVEL = 0;
				GCC_PREPROCESSOR_DEFINITIONS = (
					"DEBUG=1",
					"$(inherited)",
				);
				GCC_WARN_64_TO_32_BIT_CONVERSION = YES;
				GCC_WARN_ABOUT_RETURN_TYPE = YES_ERROR;
				GCC_WARN_UNDECLARED_SELECTOR = YES;
				GCC_WARN_UNINITIALIZED_AUTOS = YES_AGGRESSIVE;
				GCC_WARN_UNUSED_FUNCTION = YES;
				GCC_WARN_UNUSED_VARIABLE = YES;
				IPHONEOS_DEPLOYMENT_TARGET = 9.0;
				MTL_ENABLE_DEBUG_INFO = YES;
				ONLY_ACTIVE_ARCH = YES;
				SDKROOT = iphoneos;
				TARGETED_DEVICE_FAMILY = "1,2";
			};
			name = Debug;
		};
		F66DA9D71BBE49800033C027 /* Release */ = {
			isa = XCBuildConfiguration;
			buildSettings = {
				ALWAYS_SEARCH_USER_PATHS = NO;
				CLANG_CXX_LANGUAGE_STANDARD = "gnu++0x";
				CLANG_CXX_LIBRARY = "libc++";
				CLANG_ENABLE_MODULES = YES;
				CLANG_ENABLE_OBJC_ARC = YES;
				CLANG_WARN_BOOL_CONVERSION = YES;
				CLANG_WARN_CONSTANT_CONVERSION = YES;
				CLANG_WARN_DIRECT_OBJC_ISA_USAGE = YES_ERROR;
				CLANG_WARN_EMPTY_BODY = YES;
				CLANG_WARN_ENUM_CONVERSION = YES;
				CLANG_WARN_INT_CONVERSION = YES;
				CLANG_WARN_OBJC_ROOT_CLASS = YES_ERROR;
				CLANG_WARN_UNREACHABLE_CODE = YES;
				CLANG_WARN__DUPLICATE_METHOD_MATCH = YES;
				"CODE_SIGN_IDENTITY[sdk=iphoneos*]" = "iPhone Developer";
				COPY_PHASE_STRIP = NO;
				DEBUG_INFORMATION_FORMAT = "dwarf-with-dsym";
				ENABLE_NS_ASSERTIONS = NO;
				ENABLE_STRICT_OBJC_MSGSEND = YES;
				GCC_C_LANGUAGE_STANDARD = gnu99;
				GCC_NO_COMMON_BLOCKS = YES;
				GCC_WARN_64_TO_32_BIT_CONVERSION = YES;
				GCC_WARN_ABOUT_RETURN_TYPE = YES_ERROR;
				GCC_WARN_UNDECLARED_SELECTOR = YES;
				GCC_WARN_UNINITIALIZED_AUTOS = YES_AGGRESSIVE;
				GCC_WARN_UNUSED_FUNCTION = YES;
				GCC_WARN_UNUSED_VARIABLE = YES;
				IPHONEOS_DEPLOYMENT_TARGET = 9.0;
				MTL_ENABLE_DEBUG_INFO = NO;
				SDKROOT = iphoneos;
				TARGETED_DEVICE_FAMILY = "1,2";
				VALIDATE_PRODUCT = YES;
			};
			name = Release;
		};
		F66DA9D91BBE49800033C027 /* Debug */ = {
			isa = XCBuildConfiguration;
			buildSettings = {
				ASSETCATALOG_COMPILER_APPICON_NAME = AppIcon;
				INFOPLIST_FILE = Tipsy/Info.plist;
				LD_RUNPATH_SEARCH_PATHS = "$(inherited) @executable_path/Frameworks";
				PRODUCT_BUNDLE_IDENTIFIER = com.groupon.araina.codepath.Tipsy;
				PRODUCT_NAME = "$(TARGET_NAME)";
			};
			name = Debug;
		};
		F66DA9DA1BBE49800033C027 /* Release */ = {
			isa = XCBuildConfiguration;
			buildSettings = {
				ASSETCATALOG_COMPILER_APPICON_NAME = AppIcon;
				INFOPLIST_FILE = Tipsy/Info.plist;
				LD_RUNPATH_SEARCH_PATHS = "$(inherited) @executable_path/Frameworks";
				PRODUCT_BUNDLE_IDENTIFIER = com.groupon.araina.codepath.Tipsy;
				PRODUCT_NAME = "$(TARGET_NAME)";
			};
			name = Release;
		};
/* End XCBuildConfiguration section */

/* Begin XCConfigurationList section */
		F66DA9BC1BBE49800033C027 /* Build configuration list for PBXProject "Tipsy" */ = {
			isa = XCConfigurationList;
			buildConfigurations = (
				F66DA9D61BBE49800033C027 /* Debug */,
				F66DA9D71BBE49800033C027 /* Release */,
			);
			defaultConfigurationIsVisible = 0;
			defaultConfigurationName = Release;
		};
		F66DA9D81BBE49800033C027 /* Build configuration list for PBXNativeTarget "Tipsy" */ = {
			isa = XCConfigurationList;
			buildConfigurations = (
				F66DA9D91BBE49800033C027 /* Debug */,
				F66DA9DA1BBE49800033C027 /* Release */,
			);
			defaultConfigurationIsVisible = 0;
		};
/* End XCConfigurationList section */
	};
	rootObject = F66DA9B91BBE49800033C027 /* Project object */;
}
